// !$*UTF8*$!
{
	archiveVersion = 1;
	classes = {
	};
	objectVersion = 46;
	objects = {

/* Begin PBXBuildFile section */
		43C7D81B1E7A2AAB00EB4C14 /* main.m in Sources */ = {isa = PBXBuildFile; fileRef = 43C7D81A1E7A2AAB00EB4C14 /* main.m */; };
		43C7D81E1E7A2AAB00EB4C14 /* AppDelegate.m in Sources */ = {isa = PBXBuildFile; fileRef = 43C7D81D1E7A2AAB00EB4C14 /* AppDelegate.m */; };
		43C7D8211E7A2AAB00EB4C14 /* ViewController.m in Sources */ = {isa = PBXBuildFile; fileRef = 43C7D8201E7A2AAB00EB4C14 /* ViewController.m */; };
		43C7D8241E7A2AAB00EB4C14 /* Main.storyboard in Resources */ = {isa = PBXBuildFile; fileRef = 43C7D8221E7A2AAB00EB4C14 /* Main.storyboard */; };
		43C7D8271E7A2AAB00EB4C14 /* IMCoder.xcdatamodeld in Sources */ = {isa = PBXBuildFile; fileRef = 43C7D8251E7A2AAB00EB4C14 /* IMCoder.xcdatamodeld */; };
		43C7D8291E7A2AAB00EB4C14 /* Assets.xcassets in Resources */ = {isa = PBXBuildFile; fileRef = 43C7D8281E7A2AAB00EB4C14 /* Assets.xcassets */; };
		43C7D82C1E7A2AAB00EB4C14 /* LaunchScreen.storyboard in Resources */ = {isa = PBXBuildFile; fileRef = 43C7D82A1E7A2AAB00EB4C14 /* LaunchScreen.storyboard */; };
/* End PBXBuildFile section */

/* Begin PBXFileReference section */
		43C7D8161E7A2AAB00EB4C14 /* IMCoder.app */ = {isa = PBXFileReference; explicitFileType = wrapper.application; includeInIndex = 0; path = IMCoder.app; sourceTree = BUILT_PRODUCTS_DIR; };
		43C7D81A1E7A2AAB00EB4C14 /* main.m */ = {isa = PBXFileReference; lastKnownFileType = sourcecode.c.objc; path = main.m; sourceTree = "<group>"; };
		43C7D81C1E7A2AAB00EB4C14 /* AppDelegate.h */ = {isa = PBXFileReference; lastKnownFileType = sourcecode.c.h; path = AppDelegate.h; sourceTree = "<group>"; };
		43C7D81D1E7A2AAB00EB4C14 /* AppDelegate.m */ = {isa = PBXFileReference; lastKnownFileType = sourcecode.c.objc; path = AppDelegate.m; sourceTree = "<group>"; };
		43C7D81F1E7A2AAB00EB4C14 /* ViewController.h */ = {isa = PBXFileReference; lastKnownFileType = sourcecode.c.h; path = ViewController.h; sourceTree = "<group>"; };
		43C7D8201E7A2AAB00EB4C14 /* ViewController.m */ = {isa = PBXFileReference; lastKnownFileType = sourcecode.c.objc; path = ViewController.m; sourceTree = "<group>"; };
		43C7D8231E7A2AAB00EB4C14 /* Base */ = {isa = PBXFileReference; lastKnownFileType = file.storyboard; name = Base; path = Base.lproj/Main.storyboard; sourceTree = "<group>"; };
		43C7D8261E7A2AAB00EB4C14 /* IMCoder.xcdatamodel */ = {isa = PBXFileReference; lastKnownFileType = wrapper.xcdatamodel; path = IMCoder.xcdatamodel; sourceTree = "<group>"; };
		43C7D8281E7A2AAB00EB4C14 /* Assets.xcassets */ = {isa = PBXFileReference; lastKnownFileType = folder.assetcatalog; path = Assets.xcassets; sourceTree = "<group>"; };
		43C7D82B1E7A2AAB00EB4C14 /* Base */ = {isa = PBXFileReference; lastKnownFileType = file.storyboard; name = Base; path = Base.lproj/LaunchScreen.storyboard; sourceTree = "<group>"; };
		43C7D82D1E7A2AAB00EB4C14 /* Info.plist */ = {isa = PBXFileReference; lastKnownFileType = text.plist.xml; path = Info.plist; sourceTree = "<group>"; };
/* End PBXFileReference section */

/* Begin PBXFrameworksBuildPhase section */
		43C7D8131E7A2AAA00EB4C14 /* Frameworks */ = {
			isa = PBXFrameworksBuildPhase;
			buildActionMask = 2147483647;
			files = (
			);
			runOnlyForDeploymentPostprocessing = 0;
		};
/* End PBXFrameworksBuildPhase section */

/* Begin PBXGroup section */
		43C7D80D1E7A2AAA00EB4C14 = {
			isa = PBXGroup;
			children = (
				43C7D8181E7A2AAB00EB4C14 /* IMCoder */,
				43C7D8171E7A2AAB00EB4C14 /* Products */,
			);
			sourceTree = "<group>";
		};
		43C7D8171E7A2AAB00EB4C14 /* Products */ = {
			isa = PBXGroup;
			children = (
				43C7D8161E7A2AAB00EB4C14 /* IMCoder.app */,
			);
			name = Products;
			sourceTree = "<group>";
		};
		43C7D8181E7A2AAB00EB4C14 /* IMCoder */ = {
			isa = PBXGroup;
			children = (
				43C7D81C1E7A2AAB00EB4C14 /* AppDelegate.h */,
				43C7D81D1E7A2AAB00EB4C14 /* AppDelegate.m */,
				43C7D81F1E7A2AAB00EB4C14 /* ViewController.h */,
				43C7D8201E7A2AAB00EB4C14 /* ViewController.m */,
				43C7D8221E7A2AAB00EB4C14 /* Main.storyboard */,
				43C7D8281E7A2AAB00EB4C14 /* Assets.xcassets */,
				43C7D82A1E7A2AAB00EB4C14 /* LaunchScreen.storyboard */,
				43C7D82D1E7A2AAB00EB4C14 /* Info.plist */,
				43C7D8251E7A2AAB00EB4C14 /* IMCoder.xcdatamodeld */,
				43C7D8191E7A2AAB00EB4C14 /* Supporting Files */,
			);
			path = IMCoder;
			sourceTree = "<group>";
		};
		43C7D8191E7A2AAB00EB4C14 /* Supporting Files */ = {
			isa = PBXGroup;
			children = (
				43C7D81A1E7A2AAB00EB4C14 /* main.m */,
			);
			name = "Supporting Files";
			sourceTree = "<group>";
		};
/* End PBXGroup section */

/* Begin PBXNativeTarget section */
		43C7D8151E7A2AAA00EB4C14 /* IMCoder */ = {
			isa = PBXNativeTarget;
			buildConfigurationList = 43C7D8301E7A2AAB00EB4C14 /* Build configuration list for PBXNativeTarget "IMCoder" */;
			buildPhases = (
				43C7D8121E7A2AAA00EB4C14 /* Sources */,
				43C7D8131E7A2AAA00EB4C14 /* Frameworks */,
				43C7D8141E7A2AAA00EB4C14 /* Resources */,
			);
			buildRules = (
			);
			dependencies = (
			);
			name = IMCoder;
			productName = IMCoder;
			productReference = 43C7D8161E7A2AAB00EB4C14 /* IMCoder.app */;
			productType = "com.apple.product-type.application";
		};
/* End PBXNativeTarget section */

/* Begin PBXProject section */
		43C7D80E1E7A2AAA00EB4C14 /* Project object */ = {
			isa = PBXProject;
			attributes = {
				LastUpgradeCheck = 0820;
				ORGANIZATIONNAME = iMokhles;
				TargetAttributes = {
					43C7D8151E7A2AAA00EB4C14 = {
						CreatedOnToolsVersion = 8.2.1;
						DevelopmentTeam = EAST223S7M;
						ProvisioningStyle = Automatic;
					};
				};
			};
			buildConfigurationList = 43C7D8111E7A2AAA00EB4C14 /* Build configuration list for PBXProject "IMCoder" */;
			compatibilityVersion = "Xcode 3.2";
			developmentRegion = English;
			hasScannedForEncodings = 0;
			knownRegions = (
				en,
				Base,
			);
			mainGroup = 43C7D80D1E7A2AAA00EB4C14;
			productRefGroup = 43C7D8171E7A2AAB00EB4C14 /* Products */;
			projectDirPath = "";
			projectRoot = "";
			targets = (
				43C7D8151E7A2AAA00EB4C14 /* IMCoder */,
			);
		};
/* End PBXProject section */

/* Begin PBXResourcesBuildPhase section */
		43C7D8141E7A2AAA00EB4C14 /* Resources */ = {
			isa = PBXResourcesBuildPhase;
			buildActionMask = 2147483647;
			files = (
				43C7D82C1E7A2AAB00EB4C14 /* LaunchScreen.storyboard in Resources */,
				43C7D8291E7A2AAB00EB4C14 /* Assets.xcassets in Resources */,
				43C7D8241E7A2AAB00EB4C14 /* Main.storyboard in Resources */,
			);
			runOnlyForDeploymentPostprocessing = 0;
		};
/* End PBXResourcesBuildPhase section */

/* Begin PBXSourcesBuildPhase section */
		43C7D8121E7A2AAA00EB4C14 /* Sources */ = {
			isa = PBXSourcesBuildPhase;
			buildActionMask = 2147483647;
			files = (
				43C7D8211E7A2AAB00EB4C14 /* ViewController.m in Sources */,
				43C7D81E1E7A2AAB00EB4C14 /* AppDelegate.m in Sources */,
				43C7D81B1E7A2AAB00EB4C14 /* main.m in Sources */,
				43C7D8271E7A2AAB00EB4C14 /* IMCoder.xcdatamodeld in Sources */,
			);
			runOnlyForDeploymentPostprocessing = 0;
		};
/* End PBXSourcesBuildPhase section */

/* Begin PBXVariantGroup section */
		43C7D8221E7A2AAB00EB4C14 /* Main.storyboard */ = {
			isa = PBXVariantGroup;
			children = (
				43C7D8231E7A2AAB00EB4C14 /* Base */,
			);
			name = Main.storyboard;
			sourceTree = "<group>";
		};
		43C7D82A1E7A2AAB00EB4C14 /* LaunchScreen.storyboard */ = {
			isa = PBXVariantGroup;
			children = (
				43C7D82B1E7A2AAB00EB4C14 /* Base */,
			);
			name = LaunchScreen.storyboard;
			sourceTree = "<group>";
		};
/* End PBXVariantGroup section */

/* Begin XCBuildConfiguration section */
		43C7D82E1E7A2AAB00EB4C14 /* Debug */ = {
			isa = XCBuildConfiguration;
			buildSettings = {
				ALWAYS_SEARCH_USER_PATHS = NO;
				CLANG_ANALYZER_NONNULL = YES;
				CLANG_CXX_LANGUAGE_STANDARD = "gnu++0x";
				CLANG_CXX_LIBRARY = "libc++";
				CLANG_ENABLE_MODULES = YES;
				CLANG_ENABLE_OBJC_ARC = YES;
				CLANG_WARN_BOOL_CONVERSION = YES;
				CLANG_WARN_CONSTANT_CONVERSION = YES;
				CLANG_WARN_DIRECT_OBJC_ISA_USAGE = YES_ERROR;
				CLANG_WARN_DOCUMENTATION_COMMENTS = YES;
				CLANG_WARN_EMPTY_BODY = YES;
				CLANG_WARN_ENUM_CONVERSION = YES;
				CLANG_WARN_INFINITE_RECURSION = YES;
				CLANG_WARN_INT_CONVERSION = YES;
				CLANG_WARN_OBJC_ROOT_CLASS = YES_ERROR;
				CLANG_WARN_SUSPICIOUS_MOVE = YES;
				CLANG_WARN_UNREACHABLE_CODE = YES;
				CLANG_WARN__DUPLICATE_METHOD_MATCH = YES;
				"CODE_SIGN_IDENTITY[sdk=iphoneos*]" = "iPhone Developer";
				COPY_PHASE_STRIP = NO;
				DEBUG_INFORMATION_FORMAT = dwarf;
				ENABLE_STRICT_OBJC_MSGSEND = YES;
				ENABLE_TESTABILITY = YES;
				GCC_C_LANGUAGE_STANDARD = gnu99;
				GCC_DYNAMIC_NO_PIC = NO;
				GCC_NO_COMMON_BLOCKS = YES;
				GCC_OPTIMIZATION_LEVEL = 0;
				GCC_PREPROCESSOR_DEFINITIONS = (
					"DEBUG=1",
					"$(inherited)",
				);
				GCC_WARN_64_TO_32_BIT_CONVERSION = YES;
				GCC_WARN_ABOUT_RETURN_TYPE = YES_ERROR;
				GCC_WARN_UNDECLARED_SELECTOR = YES;
				GCC_WARN_UNINITIALIZED_AUTOS = YES_AGGRESSIVE;
				GCC_WARN_UNUSED_FUNCTION = YES;
				GCC_WARN_UNUSED_VARIABLE = YES;
				IPHONEOS_DEPLOYMENT_TARGET = 10.2;
				MTL_ENABLE_DEBUG_INFO = YES;
				ONLY_ACTIVE_ARCH = YES;
				SDKROOT = iphoneos;
			};
			name = Debug;
		};
		43C7D82F1E7A2AAB00EB4C14 /* Release */ = {
			isa = XCBuildConfiguration;
			buildSettings = {
				ALWAYS_SEARCH_USER_PATHS = NO;
				CLANG_ANALYZER_NONNULL = YES;
				CLANG_CXX_LANGUAGE_STANDARD = "gnu++0x";
				CLANG_CXX_LIBRARY = "libc++";
				CLANG_ENABLE_MODULES = YES;
				CLANG_ENABLE_OBJC_ARC = YES;
				CLANG_WARN_BOOL_CONVERSION = YES;
				CLANG_WARN_CONSTANT_CONVERSION = YES;
				CLANG_WARN_DIRECT_OBJC_ISA_USAGE = YES_ERROR;
				CLANG_WARN_DOCUMENTATION_COMMENTS = YES;
				CLANG_WARN_EMPTY_BODY = YES;
				CLANG_WARN_ENUM_CONVERSION = YES;
				CLANG_WARN_INFINITE_RECURSION = YES;
				CLANG_WARN_INT_CONVERSION = YES;
				CLANG_WARN_OBJC_ROOT_CLASS = YES_ERROR;
				CLANG_WARN_SUSPICIOUS_MOVE = YES;
				CLANG_WARN_UNREACHABLE_CODE = YES;
				CLANG_WARN__DUPLICATE_METHOD_MATCH = YES;
				"CODE_SIGN_IDENTITY[sdk=iphoneos*]" = "iPhone Developer";
				COPY_PHASE_STRIP = NO;
				DEBUG_INFORMATION_FORMAT = "dwarf-with-dsym";
				ENABLE_NS_ASSERTIONS = NO;
				ENABLE_STRICT_OBJC_MSGSEND = YES;
				GCC_C_LANGUAGE_STANDARD = gnu99;
				GCC_NO_COMMON_BLOCKS = YES;
				GCC_WARN_64_TO_32_BIT_CONVERSION = YES;
				GCC_WARN_ABOUT_RETURN_TYPE = YES_ERROR;
				GCC_WARN_UNDECLARED_SELECTOR = YES;
				GCC_WARN_UNINITIALIZED_AUTOS = YES_AGGRESSIVE;
				GCC_WARN_UNUSED_FUNCTION = YES;
				GCC_WARN_UNUSED_VARIABLE = YES;
				IPHONEOS_DEPLOYMENT_TARGET = 10.2;
				MTL_ENABLE_DEBUG_INFO = NO;
				SDKROOT = iphoneos;
				VALIDATE_PRODUCT = YES;
			};
			name = Release;
		};
		43C7D8311E7A2AAB00EB4C14 /* Debug */ = {
			isa = XCBuildConfiguration;
			buildSettings = {
				ASSETCATALOG_COMPILER_APPICON_NAME = AppIcon;
				DEVELOPMENT_TEAM = EAST223S7M;
				INFOPLIST_FILE = IMCoder/Info.plist;
				LD_RUNPATH_SEARCH_PATHS = "$(inherited) @executable_path/Frameworks";
				PRODUCT_BUNDLE_IDENTIFIER = com.imokhles.IMCoder;
				PRODUCT_NAME = "$(TARGET_NAME)";
			};
			name = Debug;
		};
		43C7D8321E7A2AAB00EB4C14 /* Release */ = {
			isa = XCBuildConfiguration;
			buildSettings = {
				ASSETCATALOG_COMPILER_APPICON_NAME = AppIcon;
				DEVELOPMENT_TEAM = EAST223S7M;
				INFOPLIST_FILE = IMCoder/Info.plist;
				LD_RUNPATH_SEARCH_PATHS = "$(inherited) @executable_path/Frameworks";
				PRODUCT_BUNDLE_IDENTIFIER = com.imokhles.IMCoder;
				PRODUCT_NAME = "$(TARGET_NAME)";
			};
			name = Release;
		};
/* End XCBuildConfiguration section */

/* Begin XCConfigurationList section */
		43C7D8111E7A2AAA00EB4C14 /* Build configuration list for PBXProject "IMCoder" */ = {
			isa = XCConfigurationList;
			buildConfigurations = (
				43C7D82E1E7A2AAB00EB4C14 /* Debug */,
				43C7D82F1E7A2AAB00EB4C14 /* Release */,
			);
			defaultConfigurationIsVisible = 0;
			defaultConfigurationName = Release;
		};
		43C7D8301E7A2AAB00EB4C14 /* Build configuration list for PBXNativeTarget "IMCoder" */ = {
			isa = XCConfigurationList;
			buildConfigurations = (
				43C7D8311E7A2AAB00EB4C14 /* Debug */,
				43C7D8321E7A2AAB00EB4C14 /* Release */,
			);
			defaultConfigurationIsVisible = 0;
		};
/* End XCConfigurationList section */

/* Begin XCVersionGroup section */
		43C7D8251E7A2AAB00EB4C14 /* IMCoder.xcdatamodeld */ = {
			isa = XCVersionGroup;
			children = (
				43C7D8261E7A2AAB00EB4C14 /* IMCoder.xcdatamodel */,
			);
			currentVersion = 43C7D8261E7A2AAB00EB4C14 /* IMCoder.xcdatamodel */;
			path = IMCoder.xcdatamodeld;
			sourceTree = "<group>";
			versionGroupType = wrapper.xcdatamodel;
		};
/* End XCVersionGroup section */
	};
	rootObject = 43C7D80E1E7A2AAA00EB4C14 /* Project object */;
}
